
Microsoft Visual Studio Solution File, Format Version 12.00
# Visual Studio Version 17
VisualStudioVersion = 17.0.32014.148
MinimumVisualStudioVersion = 10.0.40219.1
Project("{FAE04EC0-301F-11D3-BF4B-00C04F79EFBC}") = "OAuthApplication", "OAuthApplication\OAuthApplication.csproj", "{CFC9C014-1DCA-43E5-8A24-2A92A8821237}"
EndProject
Global
	GlobalSection(SolutionConfigurationPlatforms) = preSolution
		Debug|Any CPU = Debug|Any CPU
		Release|Any CPU = Release|Any CPU
	EndGlobalSection
	GlobalSection(ProjectConfigurationPlatforms) = postSolution
		{CFC9C014-1DCA-43E5-8A24-2A92A8821237}.Debug|Any CPU.ActiveCfg = Debug|Any CPU
		{CFC9C014-1DCA-43E5-8A24-2A92A8821237}.Debug|Any CPU.Build.0 = Debug|Any CPU
		{CFC9C014-1DCA-43E5-8A24-2A92A8821237}.Release|Any CPU.ActiveCfg = Release|Any CPU
		{CFC9C014-1DCA-43E5-8A24-2A92A8821237}.Release|Any CPU.Build.0 = Release|Any CPU
	EndGlobalSection
	GlobalSection(SolutionProperties) = preSolution
		HideSolutionNode = FALSE
	EndGlobalSection
	GlobalSection(ExtensibilityGlobals) = postSolution
		SolutionGuid = {4CBD33BD-7269-4B51-AFFD-5507ACF1FE51}
	EndGlobalSection
EndGlobal
